
Microsoft Visual Studio Solution File, Format Version 12.00
# Visual Studio Version 16
VisualStudioVersion = 16.0.32407.337
MinimumVisualStudioVersion = 10.0.40219.1
Project("{8BC9CEB8-8B4A-11D0-8D11-00A0C91BC942}") = "BinarySearchTree220627", "BinarySearchTree220627.vcxproj", "{AA696E28-BE6E-45D4-95D7-A337CA565CF6}"
EndProject
Global
	GlobalSection(SolutionConfigurationPlatforms) = preSolution
		Debug|x64 = Debug|x64
		Debug|x86 = Debug|x86
		Release|x64 = Release|x64
		Release|x86 = Release|x86
	EndGlobalSection
	GlobalSection(ProjectConfigurationPlatforms) = postSolution
		{AA696E28-BE6E-45D4-95D7-A337CA565CF6}.Debug|x64.ActiveCfg = Debug|x64
		{AA696E28-BE6E-45D4-95D7-A337CA565CF6}.Debug|x64.Build.0 = Debug|x64
		{AA696E28-BE6E-45D4-95D7-A337CA565CF6}.Debug|x86.ActiveCfg = Debug|Win32
		{AA696E28-BE6E-45D4-95D7-A337CA565CF6}.Debug|x86.Build.0 = Debug|Win32
		{AA696E28-BE6E-45D4-95D7-A337CA565CF6}.Release|x64.ActiveCfg = Release|x64
		{AA696E28-BE6E-45D4-95D7-A337CA565CF6}.Release|x64.Build.0 = Release|x64
		{AA696E28-BE6E-45D4-95D7-A337CA565CF6}.Release|x86.ActiveCfg = Release|Win32
		{AA696E28-BE6E-45D4-95D7-A337CA565CF6}.Release|x86.Build.0 = Release|Win32
	EndGlobalSection
	GlobalSection(SolutionProperties) = preSolution
		HideSolutionNode = FALSE
	EndGlobalSection
	GlobalSection(ExtensibilityGlobals) = postSolution
		SolutionGuid = {DD39FE0F-6A67-43AE-91D5-CCA09E63897F}
	EndGlobalSection
EndGlobal
